
Microsoft Visual Studio Solution File, Format Version 12.00
# Visual Studio Version 17
VisualStudioVersion = 17.1.32414.318
MinimumVisualStudioVersion = 10.0.40219.1
Project("{FAE04EC0-301F-11D3-BF4B-00C04F79EFBC}") = "LinkedList", "LinkedList\LinkedList.csproj", "{87552ACA-D242-4ACF-992C-CC1FE57333C5}"
EndProject
Project("{FAE04EC0-301F-11D3-BF4B-00C04F79EFBC}") = "LinkedListTests", "LinkedListTests\LinkedListTests.csproj", "{AC121534-61BA-4881-B421-5CFFD15CCE60}"
EndProject
Global
	GlobalSection(SolutionConfigurationPlatforms) = preSolution
		Debug|Any CPU = Debug|Any CPU
		Release|Any CPU = Release|Any CPU
	EndGlobalSection
	GlobalSection(ProjectConfigurationPlatforms) = postSolution
		{87552ACA-D242-4ACF-992C-CC1FE57333C5}.Debug|Any CPU.ActiveCfg = Debug|Any CPU
		{87552ACA-D242-4ACF-992C-CC1FE57333C5}.Debug|Any CPU.Build.0 = Debug|Any CPU
		{87552ACA-D242-4ACF-992C-CC1FE57333C5}.Release|Any CPU.ActiveCfg = Release|Any CPU
		{87552ACA-D242-4ACF-992C-CC1FE57333C5}.Release|Any CPU.Build.0 = Release|Any CPU
		{AC121534-61BA-4881-B421-5CFFD15CCE60}.Debug|Any CPU.ActiveCfg = Debug|Any CPU
		{AC121534-61BA-4881-B421-5CFFD15CCE60}.Debug|Any CPU.Build.0 = Debug|Any CPU
		{AC121534-61BA-4881-B421-5CFFD15CCE60}.Release|Any CPU.ActiveCfg = Release|Any CPU
		{AC121534-61BA-4881-B421-5CFFD15CCE60}.Release|Any CPU.Build.0 = Release|Any CPU
	EndGlobalSection
	GlobalSection(SolutionProperties) = preSolution
		HideSolutionNode = FALSE
	EndGlobalSection
	GlobalSection(ExtensibilityGlobals) = postSolution
		SolutionGuid = {BFC2F83B-3695-4E12-B60F-1E6882DE7273}
	EndGlobalSection
EndGlobal
